
Microsoft Visual Studio Solution File, Format Version 12.00
# Visual Studio Version 16
VisualStudioVersion = 16.0.29920.165
MinimumVisualStudioVersion = 10.0.40219.1
Project("{9A19103F-16F7-4668-BE54-9A1E7A4F7556}") = "MyStudy_HtmlCssJavaScript", "MyStudy_HtmlCssJavaScript.csproj", "{60AC67EF-4334-4993-9FEF-0176B48A4BE9}"
EndProject
Global
	GlobalSection(SolutionConfigurationPlatforms) = preSolution
		Debug|Any CPU = Debug|Any CPU
		Release|Any CPU = Release|Any CPU
	EndGlobalSection
	GlobalSection(ProjectConfigurationPlatforms) = postSolution
		{60AC67EF-4334-4993-9FEF-0176B48A4BE9}.Debug|Any CPU.ActiveCfg = Debug|Any CPU
		{60AC67EF-4334-4993-9FEF-0176B48A4BE9}.Debug|Any CPU.Build.0 = Debug|Any CPU
		{60AC67EF-4334-4993-9FEF-0176B48A4BE9}.Release|Any CPU.ActiveCfg = Release|Any CPU
		{60AC67EF-4334-4993-9FEF-0176B48A4BE9}.Release|Any CPU.Build.0 = Release|Any CPU
	EndGlobalSection
	GlobalSection(SolutionProperties) = preSolution
		HideSolutionNode = FALSE
	EndGlobalSection
	GlobalSection(ExtensibilityGlobals) = postSolution
		SolutionGuid = {AD8C26E8-3FC9-40F5-ABEE-90814E2660A3}
	EndGlobalSection
EndGlobal
